PODS:
  - Alamofire (3.4.0)
  - Locksmith (2.0.8)
  - SwiftyJSON (2.3.2)

DEPENDENCIES:
  - Alamofire (~> 3.4)
  - Locksmith (~> 2.0.8)
  - SwiftyJSON (~> 2.3.2)

SPEC CHECKSUMS:
  Alamofire: c19a627cefd6a95f840401c49ab1f124e07f54ee
  Locksmith: a8ed41ac4c06506ea8cb199d8ec8a8d3d108eb2a
  SwiftyJSON: 04ccea08915aa0109039157c7974cf0298da292a

PODFILE CHECKSUM: 17c23e5707902bceda99b7e025fc2fa055812385

COCOAPODS: 1.0.1
