// !$*UTF8*$!
{
	archiveVersion = 1;
	classes = {
	};
	objectVersion = 46;
	objects = {

/* Begin PBXBuildFile section */
		0DB6DD0B94D3B35ED403A05A /* Pods_joogpoint.framework in Frameworks */ = {isa = PBXBuildFile; fileRef = 661281926BFB3EDE45F5DA84 /* Pods_joogpoint.framework */; };
		B1185F651CFEA691005D203D /* SocialMediaViewController.swift in Sources */ = {isa = PBXBuildFile; fileRef = B1185F641CFEA691005D203D /* SocialMediaViewController.swift */; };
		B122A6EF1D5766EB00AD62E2 /* MapViewController.swift in Sources */ = {isa = PBXBuildFile; fileRef = B122A6EE1D5766EB00AD62E2 /* MapViewController.swift */; };
		B122A6F11D57670B00AD62E2 /* UserProfileViewController.swift in Sources */ = {isa = PBXBuildFile; fileRef = B122A6F01D57670B00AD62E2 /* UserProfileViewController.swift */; };
		B122A6F31D57679300AD62E2 /* SearchViewController.swift in Sources */ = {isa = PBXBuildFile; fileRef = B122A6F21D57679300AD62E2 /* SearchViewController.swift */; };
		B16490601CFCD2AF00BFFDB1 /* Adam.otf in Resources */ = {isa = PBXBuildFile; fileRef = B164905F1CFCD2AF00BFFDB1 /* Adam.otf */; };
		B16490621CFD04C200BFFDB1 /* SoftLine.otf in Resources */ = {isa = PBXBuildFile; fileRef = B16490611CFD04C200BFFDB1 /* SoftLine.otf */; };
		B16490641CFD058F00BFFDB1 /* Quicksand_Light.otf in Resources */ = {isa = PBXBuildFile; fileRef = B16490631CFD058F00BFFDB1 /* Quicksand_Light.otf */; };
		B165D7B91D8A07E000B10BC9 /* VCMapView.swift in Sources */ = {isa = PBXBuildFile; fileRef = B165D7B81D8A07E000B10BC9 /* VCMapView.swift */; };
		B17D62791D8E178F0035890B /* UserProfile.swift in Sources */ = {isa = PBXBuildFile; fileRef = B17D62781D8E178F0035890B /* UserProfile.swift */; };
		B1A269111D6A0F5900E3E6C9 /* Establishment.swift in Sources */ = {isa = PBXBuildFile; fileRef = B1A269101D6A0F5900E3E6C9 /* Establishment.swift */; };
		B1A269131D6A65D100E3E6C9 /* EstablishmentProfileViewController.swift in Sources */ = {isa = PBXBuildFile; fileRef = B1A269121D6A65D100E3E6C9 /* EstablishmentProfileViewController.swift */; };
		B1AE4FB11CFBF2E300A530FC /* SignUpViewController.swift in Sources */ = {isa = PBXBuildFile; fileRef = B1AE4FB01CFBF2E300A530FC /* SignUpViewController.swift */; };
		B1CEC81F1D8B533800B92A96 /* PlaylistTableViewController.swift in Sources */ = {isa = PBXBuildFile; fileRef = B1CEC81E1D8B533800B92A96 /* PlaylistTableViewController.swift */; };
		B1CEC8211D8B53D900B92A96 /* TrackTableViewCell.swift in Sources */ = {isa = PBXBuildFile; fileRef = B1CEC8201D8B53D900B92A96 /* TrackTableViewCell.swift */; };
		B1CEC8231D8B53F900B92A96 /* Track.swift in Sources */ = {isa = PBXBuildFile; fileRef = B1CEC8221D8B53F900B92A96 /* Track.swift */; };
		B1D7FD231CF8745500671183 /* AppDelegate.swift in Sources */ = {isa = PBXBuildFile; fileRef = B1D7FD221CF8745500671183 /* AppDelegate.swift */; };
		B1D7FD251CF8745500671183 /* LoginViewController.swift in Sources */ = {isa = PBXBuildFile; fileRef = B1D7FD241CF8745500671183 /* LoginViewController.swift */; };
		B1D7FD281CF8745500671183 /* Main.storyboard in Resources */ = {isa = PBXBuildFile; fileRef = B1D7FD261CF8745500671183 /* Main.storyboard */; };
		B1D7FD2A1CF8745500671183 /* Assets.xcassets in Resources */ = {isa = PBXBuildFile; fileRef = B1D7FD291CF8745500671183 /* Assets.xcassets */; };
		B1D7FD2D1CF8745500671183 /* LaunchScreen.storyboard in Resources */ = {isa = PBXBuildFile; fileRef = B1D7FD2B1CF8745500671183 /* LaunchScreen.storyboard */; };
		B1D7FD381CF8745500671183 /* joogpointTests.swift in Sources */ = {isa = PBXBuildFile; fileRef = B1D7FD371CF8745500671183 /* joogpointTests.swift */; };
		E1D97FF08D96FC72BDDB96D9 /* Pods_joogpointTests.framework in Frameworks */ = {isa = PBXBuildFile; fileRef = 65C7EED3EB8441D0BF4C8F76 /* Pods_joogpointTests.framework */; };
/* End PBXBuildFile section */

/* Begin PBXContainerItemProxy section */
		B1D7FD341CF8745500671183 /* PBXContainerItemProxy */ = {
			isa = PBXContainerItemProxy;
			containerPortal = B1D7FD171CF8745500671183 /* Project object */;
			proxyType = 1;
			remoteGlobalIDString = B1D7FD1E1CF8745500671183;
			remoteInfo = joogpoint;
		};
/* End PBXContainerItemProxy section */

/* Begin PBXFileReference section */
		0DBBDB91882D08BD7950DB1B /* Pods-joogpointTests.release.xcconfig */ = {isa = PBXFileReference; includeInIndex = 1; lastKnownFileType = text.xcconfig; name = "Pods-joogpointTests.release.xcconfig"; path = "Pods/Target Support Files/Pods-joogpointTests/Pods-joogpointTests.release.xcconfig"; sourceTree = "<group>"; };
		616405EB7EB4072D8BCD08A1 /* Pods-joogpoint.debug.xcconfig */ = {isa = PBXFileReference; includeInIndex = 1; lastKnownFileType = text.xcconfig; name = "Pods-joogpoint.debug.xcconfig"; path = "Pods/Target Support Files/Pods-joogpoint/Pods-joogpoint.debug.xcconfig"; sourceTree = "<group>"; };
		63408D739F9E2F08DC16D9FB /* Pods-joogpoint.release.xcconfig */ = {isa = PBXFileReference; includeInIndex = 1; lastKnownFileType = text.xcconfig; name = "Pods-joogpoint.release.xcconfig"; path = "Pods/Target Support Files/Pods-joogpoint/Pods-joogpoint.release.xcconfig"; sourceTree = "<group>"; };
		65C7EED3EB8441D0BF4C8F76 /* Pods_joogpointTests.framework */ = {isa = PBXFileReference; explicitFileType = wrapper.framework; includeInIndex = 0; path = Pods_joogpointTests.framework; sourceTree = BUILT_PRODUCTS_DIR; };
		661281926BFB3EDE45F5DA84 /* Pods_joogpoint.framework */ = {isa = PBXFileReference; explicitFileType = wrapper.framework; includeInIndex = 0; path = Pods_joogpoint.framework; sourceTree = BUILT_PRODUCTS_DIR; };
		B1185F641CFEA691005D203D /* SocialMediaViewController.swift */ = {isa = PBXFileReference; fileEncoding = 4; lastKnownFileType = sourcecode.swift; path = SocialMediaViewController.swift; sourceTree = "<group>"; };
		B122A6EE1D5766EB00AD62E2 /* MapViewController.swift */ = {isa = PBXFileReference; fileEncoding = 4; lastKnownFileType = sourcecode.swift; path = MapViewController.swift; sourceTree = "<group>"; };
		B122A6F01D57670B00AD62E2 /* UserProfileViewController.swift */ = {isa = PBXFileReference; fileEncoding = 4; lastKnownFileType = sourcecode.swift; path = UserProfileViewController.swift; sourceTree = "<group>"; };
		B122A6F21D57679300AD62E2 /* SearchViewController.swift */ = {isa = PBXFileReference; fileEncoding = 4; lastKnownFileType = sourcecode.swift; path = SearchViewController.swift; sourceTree = "<group>"; };
		B164905F1CFCD2AF00BFFDB1 /* Adam.otf */ = {isa = PBXFileReference; lastKnownFileType = file; name = Adam.otf; path = Resources/Adam.otf; sourceTree = "<group>"; };
		B16490611CFD04C200BFFDB1 /* SoftLine.otf */ = {isa = PBXFileReference; lastKnownFileType = file; name = SoftLine.otf; path = Resources/SoftLine.otf; sourceTree = "<group>"; };
		B16490631CFD058F00BFFDB1 /* Quicksand_Light.otf */ = {isa = PBXFileReference; lastKnownFileType = file; name = Quicksand_Light.otf; path = Resources/Quicksand_Light.otf; sourceTree = "<group>"; };
		B165D7B81D8A07E000B10BC9 /* VCMapView.swift */ = {isa = PBXFileReference; fileEncoding = 4; lastKnownFileType = sourcecode.swift; path = VCMapView.swift; sourceTree = "<group>"; };
		B177EACB1D04C46B0098CA0F /* Joogpoint.app */ = {isa = PBXFileReference; explicitFileType = wrapper.application; includeInIndex = 0; path = Joogpoint.app; sourceTree = BUILT_PRODUCTS_DIR; };
		B177EACC1D04C46B0098CA0F /* joogpointTests.xctest */ = {isa = PBXFileReference; explicitFileType = wrapper.cfbundle; includeInIndex = 0; path = joogpointTests.xctest; sourceTree = BUILT_PRODUCTS_DIR; };
		B17D62781D8E178F0035890B /* UserProfile.swift */ = {isa = PBXFileReference; fileEncoding = 4; lastKnownFileType = sourcecode.swift; path = UserProfile.swift; sourceTree = "<group>"; };
		B1A269101D6A0F5900E3E6C9 /* Establishment.swift */ = {isa = PBXFileReference; fileEncoding = 4; lastKnownFileType = sourcecode.swift; path = Establishment.swift; sourceTree = "<group>"; };
		B1A269121D6A65D100E3E6C9 /* EstablishmentProfileViewController.swift */ = {isa = PBXFileReference; fileEncoding = 4; lastKnownFileType = sourcecode.swift; path = EstablishmentProfileViewController.swift; sourceTree = "<group>"; };
		B1AE4FB01CFBF2E300A530FC /* SignUpViewController.swift */ = {isa = PBXFileReference; fileEncoding = 4; lastKnownFileType = sourcecode.swift; path = SignUpViewController.swift; sourceTree = "<group>"; };
		B1CEC81E1D8B533800B92A96 /* PlaylistTableViewController.swift */ = {isa = PBXFileReference; fileEncoding = 4; lastKnownFileType = sourcecode.swift; path = PlaylistTableViewController.swift; sourceTree = "<group>"; };
		B1CEC8201D8B53D900B92A96 /* TrackTableViewCell.swift */ = {isa = PBXFileReference; fileEncoding = 4; lastKnownFileType = sourcecode.swift; path = TrackTableViewCell.swift; sourceTree = "<group>"; };
		B1CEC8221D8B53F900B92A96 /* Track.swift */ = {isa = PBXFileReference; fileEncoding = 4; lastKnownFileType = sourcecode.swift; path = Track.swift; sourceTree = "<group>"; };
		B1D7FD221CF8745500671183 /* AppDelegate.swift */ = {isa = PBXFileReference; lastKnownFileType = sourcecode.swift; path = AppDelegate.swift; sourceTree = "<group>"; };
		B1D7FD241CF8745500671183 /* LoginViewController.swift */ = {isa = PBXFileReference; lastKnownFileType = sourcecode.swift; path = LoginViewController.swift; sourceTree = "<group>"; };
		B1D7FD271CF8745500671183 /* Base */ = {isa = PBXFileReference; lastKnownFileType = file.storyboard; name = Base; path = Base.lproj/Main.storyboard; sourceTree = "<group>"; };
		B1D7FD291CF8745500671183 /* Assets.xcassets */ = {isa = PBXFileReference; lastKnownFileType = folder.assetcatalog; path = Assets.xcassets; sourceTree = "<group>"; };
		B1D7FD2C1CF8745500671183 /* Base */ = {isa = PBXFileReference; lastKnownFileType = file.storyboard; name = Base; path = Base.lproj/LaunchScreen.storyboard; sourceTree = "<group>"; };
		B1D7FD2E1CF8745500671183 /* Info.plist */ = {isa = PBXFileReference; lastKnownFileType = text.plist.xml; path = Info.plist; sourceTree = "<group>"; };
		B1D7FD371CF8745500671183 /* joogpointTests.swift */ = {isa = PBXFileReference; lastKnownFileType = sourcecode.swift; path = joogpointTests.swift; sourceTree = "<group>"; };
		B1D7FD391CF8745500671183 /* Info.plist */ = {isa = PBXFileReference; lastKnownFileType = text.plist.xml; path = Info.plist; sourceTree = "<group>"; };
		B362476DEB79F1EE6FD63A12 /* Pods-joogpointTests.debug.xcconfig */ = {isa = PBXFileReference; includeInIndex = 1; lastKnownFileType = text.xcconfig; name = "Pods-joogpointTests.debug.xcconfig"; path = "Pods/Target Support Files/Pods-joogpointTests/Pods-joogpointTests.debug.xcconfig"; sourceTree = "<group>"; };
/* End PBXFileReference section */

/* Begin PBXFrameworksBuildPhase section */
		B1D7FD1C1CF8745500671183 /* Frameworks */ = {
			isa = PBXFrameworksBuildPhase;
			buildActionMask = 2147483647;
			files = (
				0DB6DD0B94D3B35ED403A05A /* Pods_joogpoint.framework in Frameworks */,
			);
			runOnlyForDeploymentPostprocessing = 0;
		};
		B1D7FD301CF8745500671183 /* Frameworks */ = {
			isa = PBXFrameworksBuildPhase;
			buildActionMask = 2147483647;
			files = (
				E1D97FF08D96FC72BDDB96D9 /* Pods_joogpointTests.framework in Frameworks */,
			);
			runOnlyForDeploymentPostprocessing = 0;
		};
/* End PBXFrameworksBuildPhase section */

/* Begin PBXGroup section */
		B164905E1CFCD28E00BFFDB1 /* Resources */ = {
			isa = PBXGroup;
			children = (
				B16490631CFD058F00BFFDB1 /* Quicksand_Light.otf */,
				B16490611CFD04C200BFFDB1 /* SoftLine.otf */,
				B164905F1CFCD2AF00BFFDB1 /* Adam.otf */,
			);
			name = Resources;
			sourceTree = "<group>";
		};
		B1D7FD161CF8745500671183 = {
			isa = PBXGroup;
			children = (
				B1D7FD211CF8745500671183 /* joogpoint */,
				B1D7FD361CF8745500671183 /* joogpointTests */,
				EF7C5EE518E2D9BB7BAF1F26 /* Pods */,
				B5D0880A07C5AE7F214C3DB2 /* Frameworks */,
				B177EACB1D04C46B0098CA0F /* Joogpoint.app */,
				B177EACC1D04C46B0098CA0F /* joogpointTests.xctest */,
			);
			sourceTree = "<group>";
		};
		B1D7FD211CF8745500671183 /* joogpoint */ = {
			isa = PBXGroup;
			children = (
				B164905E1CFCD28E00BFFDB1 /* Resources */,
				B1D7FD221CF8745500671183 /* AppDelegate.swift */,
				B1D7FD261CF8745500671183 /* Main.storyboard */,
				B1D7FD241CF8745500671183 /* LoginViewController.swift */,
				B1AE4FB01CFBF2E300A530FC /* SignUpViewController.swift */,
				B1185F641CFEA691005D203D /* SocialMediaViewController.swift */,
				B122A6F01D57670B00AD62E2 /* UserProfileViewController.swift */,
				B17D62781D8E178F0035890B /* UserProfile.swift */,
				B122A6EE1D5766EB00AD62E2 /* MapViewController.swift */,
				B165D7B81D8A07E000B10BC9 /* VCMapView.swift */,
				B122A6F21D57679300AD62E2 /* SearchViewController.swift */,
				B1A269121D6A65D100E3E6C9 /* EstablishmentProfileViewController.swift */,
				B1A269101D6A0F5900E3E6C9 /* Establishment.swift */,
				B1CEC81E1D8B533800B92A96 /* PlaylistTableViewController.swift */,
				B1CEC8201D8B53D900B92A96 /* TrackTableViewCell.swift */,
				B1CEC8221D8B53F900B92A96 /* Track.swift */,
				B1D7FD291CF8745500671183 /* Assets.xcassets */,
				B1D7FD2B1CF8745500671183 /* LaunchScreen.storyboard */,
				B1D7FD2E1CF8745500671183 /* Info.plist */,
			);
			path = joogpoint;
			sourceTree = "<group>";
		};
		B1D7FD361CF8745500671183 /* joogpointTests */ = {
			isa = PBXGroup;
			children = (
				B1D7FD371CF8745500671183 /* joogpointTests.swift */,
				B1D7FD391CF8745500671183 /* Info.plist */,
			);
			path = joogpointTests;
			sourceTree = "<group>";
		};
		B5D0880A07C5AE7F214C3DB2 /* Frameworks */ = {
			isa = PBXGroup;
			children = (
				661281926BFB3EDE45F5DA84 /* Pods_joogpoint.framework */,
				65C7EED3EB8441D0BF4C8F76 /* Pods_joogpointTests.framework */,
			);
			name = Frameworks;
			sourceTree = "<group>";
		};
		EF7C5EE518E2D9BB7BAF1F26 /* Pods */ = {
			isa = PBXGroup;
			children = (
				616405EB7EB4072D8BCD08A1 /* Pods-joogpoint.debug.xcconfig */,
				63408D739F9E2F08DC16D9FB /* Pods-joogpoint.release.xcconfig */,
				B362476DEB79F1EE6FD63A12 /* Pods-joogpointTests.debug.xcconfig */,
				0DBBDB91882D08BD7950DB1B /* Pods-joogpointTests.release.xcconfig */,
			);
			name = Pods;
			sourceTree = "<group>";
		};
/* End PBXGroup section */

/* Begin PBXNativeTarget section */
		B1D7FD1E1CF8745500671183 /* joogpoint */ = {
			isa = PBXNativeTarget;
			buildConfigurationList = B1D7FD3C1CF8745500671183 /* Build configuration list for PBXNativeTarget "joogpoint" */;
			buildPhases = (
				C6A1F12663D8541CCD0F1EBD /* [CP] Check Pods Manifest.lock */,
				B1D7FD1B1CF8745500671183 /* Sources */,
				B1D7FD1C1CF8745500671183 /* Frameworks */,
				B1D7FD1D1CF8745500671183 /* Resources */,
				FFC813188A2A7F8D8E00C246 /* [CP] Embed Pods Frameworks */,
				ADF1D8A3E18377A787A6672C /* [CP] Copy Pods Resources */,
			);
			buildRules = (
			);
			dependencies = (
			);
			name = joogpoint;
			productName = joogpoint;
			productReference = B177EACB1D04C46B0098CA0F /* Joogpoint.app */;
			productType = "com.apple.product-type.application";
		};
		B1D7FD321CF8745500671183 /* joogpointTests */ = {
			isa = PBXNativeTarget;
			buildConfigurationList = B1D7FD3F1CF8745500671183 /* Build configuration list for PBXNativeTarget "joogpointTests" */;
			buildPhases = (
				360ECE51C639DF2265D37062 /* [CP] Check Pods Manifest.lock */,
				B1D7FD2F1CF8745500671183 /* Sources */,
				B1D7FD301CF8745500671183 /* Frameworks */,
				B1D7FD311CF8745500671183 /* Resources */,
				221A3C3A221488A9FA866730 /* [CP] Embed Pods Frameworks */,
				438F0B09B25EACBC9531FD76 /* [CP] Copy Pods Resources */,
			);
			buildRules = (
			);
			dependencies = (
				B1D7FD351CF8745500671183 /* PBXTargetDependency */,
			);
			name = joogpointTests;
			productName = joogpointTests;
			productReference = B177EACC1D04C46B0098CA0F /* joogpointTests.xctest */;
			productType = "com.apple.product-type.bundle.unit-test";
		};
/* End PBXNativeTarget section */

/* Begin PBXProject section */
		B1D7FD171CF8745500671183 /* Project object */ = {
			isa = PBXProject;
			attributes = {
				LastSwiftUpdateCheck = 0730;
				LastUpgradeCheck = 0730;
				ORGANIZATIONNAME = "Wai Ling Tam";
				TargetAttributes = {
					B1D7FD1E1CF8745500671183 = {
						CreatedOnToolsVersion = 7.3.1;
						DevelopmentTeam = 5A8DVHWRMM;
					};
					B1D7FD321CF8745500671183 = {
						CreatedOnToolsVersion = 7.3.1;
						DevelopmentTeam = 5A8DVHWRMM;
						TestTargetID = B1D7FD1E1CF8745500671183;
					};
				};
			};
			buildConfigurationList = B1D7FD1A1CF8745500671183 /* Build configuration list for PBXProject "joogpoint" */;
			compatibilityVersion = "Xcode 3.2";
			developmentRegion = English;
			hasScannedForEncodings = 0;
			knownRegions = (
				en,
				Base,
			);
			mainGroup = B1D7FD161CF8745500671183;
			productRefGroup = B1D7FD161CF8745500671183;
			projectDirPath = "";
			projectRoot = "";
			targets = (
				B1D7FD1E1CF8745500671183 /* joogpoint */,
				B1D7FD321CF8745500671183 /* joogpointTests */,
			);
		};
/* End PBXProject section */

/* Begin PBXResourcesBuildPhase section */
		B1D7FD1D1CF8745500671183 /* Resources */ = {
			isa = PBXResourcesBuildPhase;
			buildActionMask = 2147483647;
			files = (
				B1D7FD2D1CF8745500671183 /* LaunchScreen.storyboard in Resources */,
				B1D7FD2A1CF8745500671183 /* Assets.xcassets in Resources */,
				B16490641CFD058F00BFFDB1 /* Quicksand_Light.otf in Resources */,
				B16490621CFD04C200BFFDB1 /* SoftLine.otf in Resources */,
				B16490601CFCD2AF00BFFDB1 /* Adam.otf in Resources */,
				B1D7FD281CF8745500671183 /* Main.storyboard in Resources */,
			);
			runOnlyForDeploymentPostprocessing = 0;
		};
		B1D7FD311CF8745500671183 /* Resources */ = {
			isa = PBXResourcesBuildPhase;
			buildActionMask = 2147483647;
			files = (
			);
			runOnlyForDeploymentPostprocessing = 0;
		};
/* End PBXResourcesBuildPhase section */

/* Begin PBXShellScriptBuildPhase section */
		221A3C3A221488A9FA866730 /* [CP] Embed Pods Frameworks */ = {
			isa = PBXShellScriptBuildPhase;
			buildActionMask = 2147483647;
			files = (
			);
			inputPaths = (
			);
			name = "[CP] Embed Pods Frameworks";
			outputPaths = (
			);
			runOnlyForDeploymentPostprocessing = 0;
			shellPath = /bin/sh;
			shellScript = "\"${SRCROOT}/Pods/Target Support Files/Pods-joogpointTests/Pods-joogpointTests-frameworks.sh\"\n";
			showEnvVarsInLog = 0;
		};
		360ECE51C639DF2265D37062 /* [CP] Check Pods Manifest.lock */ = {
			isa = PBXShellScriptBuildPhase;
			buildActionMask = 2147483647;
			files = (
			);
			inputPaths = (
			);
			name = "[CP] Check Pods Manifest.lock";
			outputPaths = (
			);
			runOnlyForDeploymentPostprocessing = 0;
			shellPath = /bin/sh;
			shellScript = "diff \"${PODS_ROOT}/../Podfile.lock\" \"${PODS_ROOT}/Manifest.lock\" > /dev/null\nif [[ $? != 0 ]] ; then\n    cat << EOM\nerror: The sandbox is not in sync with the Podfile.lock. Run 'pod install' or update your CocoaPods installation.\nEOM\n    exit 1\nfi\n";
			showEnvVarsInLog = 0;
		};
		438F0B09B25EACBC9531FD76 /* [CP] Copy Pods Resources */ = {
			isa = PBXShellScriptBuildPhase;
			buildActionMask = 2147483647;
			files = (
			);
			inputPaths = (
			);
			name = "[CP] Copy Pods Resources";
			outputPaths = (
			);
			runOnlyForDeploymentPostprocessing = 0;
			shellPath = /bin/sh;
			shellScript = "\"${SRCROOT}/Pods/Target Support Files/Pods-joogpointTests/Pods-joogpointTests-resources.sh\"\n";
			showEnvVarsInLog = 0;
		};
		ADF1D8A3E18377A787A6672C /* [CP] Copy Pods Resources */ = {
			isa = PBXShellScriptBuildPhase;
			buildActionMask = 2147483647;
			files = (
			);
			inputPaths = (
			);
			name = "[CP] Copy Pods Resources";
			outputPaths = (
			);
			runOnlyForDeploymentPostprocessing = 0;
			shellPath = /bin/sh;
			shellScript = "\"${SRCROOT}/Pods/Target Support Files/Pods-joogpoint/Pods-joogpoint-resources.sh\"\n";
			showEnvVarsInLog = 0;
		};
		C6A1F12663D8541CCD0F1EBD /* [CP] Check Pods Manifest.lock */ = {
			isa = PBXShellScriptBuildPhase;
			buildActionMask = 2147483647;
			files = (
			);
			inputPaths = (
			);
			name = "[CP] Check Pods Manifest.lock";
			outputPaths = (
			);
			runOnlyForDeploymentPostprocessing = 0;
			shellPath = /bin/sh;
			shellScript = "diff \"${PODS_ROOT}/../Podfile.lock\" \"${PODS_ROOT}/Manifest.lock\" > /dev/null\nif [[ $? != 0 ]] ; then\n    cat << EOM\nerror: The sandbox is not in sync with the Podfile.lock. Run 'pod install' or update your CocoaPods installation.\nEOM\n    exit 1\nfi\n";
			showEnvVarsInLog = 0;
		};
		FFC813188A2A7F8D8E00C246 /* [CP] Embed Pods Frameworks */ = {
			isa = PBXShellScriptBuildPhase;
			buildActionMask = 2147483647;
			files = (
			);
			inputPaths = (
			);
			name = "[CP] Embed Pods Frameworks";
			outputPaths = (
			);
			runOnlyForDeploymentPostprocessing = 0;
			shellPath = /bin/sh;
			shellScript = "\"${SRCROOT}/Pods/Target Support Files/Pods-joogpoint/Pods-joogpoint-frameworks.sh\"\n";
			showEnvVarsInLog = 0;
		};
/* End PBXShellScriptBuildPhase section */

/* Begin PBXSourcesBuildPhase section */
		B1D7FD1B1CF8745500671183 /* Sources */ = {
			isa = PBXSourcesBuildPhase;
			buildActionMask = 2147483647;
			files = (
				B1A269111D6A0F5900E3E6C9 /* Establishment.swift in Sources */,
				B122A6F11D57670B00AD62E2 /* UserProfileViewController.swift in Sources */,
				B17D62791D8E178F0035890B /* UserProfile.swift in Sources */,
				B165D7B91D8A07E000B10BC9 /* VCMapView.swift in Sources */,
				B122A6F31D57679300AD62E2 /* SearchViewController.swift in Sources */,
				B1185F651CFEA691005D203D /* SocialMediaViewController.swift in Sources */,
				B1A269131D6A65D100E3E6C9 /* EstablishmentProfileViewController.swift in Sources */,
				B1CEC81F1D8B533800B92A96 /* PlaylistTableViewController.swift in Sources */,
				B1CEC8211D8B53D900B92A96 /* TrackTableViewCell.swift in Sources */,
				B1AE4FB11CFBF2E300A530FC /* SignUpViewController.swift in Sources */,
				B1D7FD251CF8745500671183 /* LoginViewController.swift in Sources */,
				B1CEC8231D8B53F900B92A96 /* Track.swift in Sources */,
				B122A6EF1D5766EB00AD62E2 /* MapViewController.swift in Sources */,
				B1D7FD231CF8745500671183 /* AppDelegate.swift in Sources */,
			);
			runOnlyForDeploymentPostprocessing = 0;
		};
		B1D7FD2F1CF8745500671183 /* Sources */ = {
			isa = PBXSourcesBuildPhase;
			buildActionMask = 2147483647;
			files = (
				B1D7FD381CF8745500671183 /* joogpointTests.swift in Sources */,
			);
			runOnlyForDeploymentPostprocessing = 0;
		};
/* End PBXSourcesBuildPhase section */

/* Begin PBXTargetDependency section */
		B1D7FD351CF8745500671183 /* PBXTargetDependency */ = {
			isa = PBXTargetDependency;
			target = B1D7FD1E1CF8745500671183 /* joogpoint */;
			targetProxy = B1D7FD341CF8745500671183 /* PBXContainerItemProxy */;
		};
/* End PBXTargetDependency section */

/* Begin PBXVariantGroup section */
		B1D7FD261CF8745500671183 /* Main.storyboard */ = {
			isa = PBXVariantGroup;
			children = (
				B1D7FD271CF8745500671183 /* Base */,
			);
			name = Main.storyboard;
			sourceTree = "<group>";
		};
		B1D7FD2B1CF8745500671183 /* LaunchScreen.storyboard */ = {
			isa = PBXVariantGroup;
			children = (
				B1D7FD2C1CF8745500671183 /* Base */,
			);
			name = LaunchScreen.storyboard;
			sourceTree = "<group>";
		};
/* End PBXVariantGroup section */

/* Begin XCBuildConfiguration section */
		B1D7FD3A1CF8745500671183 /* Debug */ = {
			isa = XCBuildConfiguration;
			buildSettings = {
				ALWAYS_SEARCH_USER_PATHS = NO;
				CLANG_ANALYZER_NONNULL = YES;
				CLANG_CXX_LANGUAGE_STANDARD = "gnu++0x";
				CLANG_CXX_LIBRARY = "libc++";
				CLANG_ENABLE_MODULES = YES;
				CLANG_ENABLE_OBJC_ARC = YES;
				CLANG_WARN_BOOL_CONVERSION = YES;
				CLANG_WARN_CONSTANT_CONVERSION = YES;
				CLANG_WARN_DIRECT_OBJC_ISA_USAGE = YES_ERROR;
				CLANG_WARN_EMPTY_BODY = YES;
				CLANG_WARN_ENUM_CONVERSION = YES;
				CLANG_WARN_INT_CONVERSION = YES;
				CLANG_WARN_OBJC_ROOT_CLASS = YES_ERROR;
				CLANG_WARN_UNREACHABLE_CODE = YES;
				CLANG_WARN__DUPLICATE_METHOD_MATCH = YES;
				"CODE_SIGN_IDENTITY[sdk=iphoneos*]" = "iPhone Developer";
				COPY_PHASE_STRIP = NO;
				DEBUG_INFORMATION_FORMAT = dwarf;
				ENABLE_STRICT_OBJC_MSGSEND = YES;
				ENABLE_TESTABILITY = YES;
				GCC_C_LANGUAGE_STANDARD = gnu99;
				GCC_DYNAMIC_NO_PIC = NO;
				GCC_NO_COMMON_BLOCKS = YES;
				GCC_OPTIMIZATION_LEVEL = 0;
				GCC_PREPROCESSOR_DEFINITIONS = (
					"DEBUG=1",
					"$(inherited)",
				);
				GCC_WARN_64_TO_32_BIT_CONVERSION = YES;
				GCC_WARN_ABOUT_RETURN_TYPE = YES_ERROR;
				GCC_WARN_UNDECLARED_SELECTOR = YES;
				GCC_WARN_UNINITIALIZED_AUTOS = YES_AGGRESSIVE;
				GCC_WARN_UNUSED_FUNCTION = YES;
				GCC_WARN_UNUSED_VARIABLE = YES;
				IPHONEOS_DEPLOYMENT_TARGET = 9.3;
				MTL_ENABLE_DEBUG_INFO = YES;
				ONLY_ACTIVE_ARCH = YES;
				SDKROOT = iphoneos;
				SWIFT_OPTIMIZATION_LEVEL = "-Onone";
				TARGETED_DEVICE_FAMILY = "1,2";
			};
			name = Debug;
		};
		B1D7FD3B1CF8745500671183 /* Release */ = {
			isa = XCBuildConfiguration;
			buildSettings = {
				ALWAYS_SEARCH_USER_PATHS = NO;
				CLANG_ANALYZER_NONNULL = YES;
				CLANG_CXX_LANGUAGE_STANDARD = "gnu++0x";
				CLANG_CXX_LIBRARY = "libc++";
				CLANG_ENABLE_MODULES = YES;
				CLANG_ENABLE_OBJC_ARC = YES;
				CLANG_WARN_BOOL_CONVERSION = YES;
				CLANG_WARN_CONSTANT_CONVERSION = YES;
				CLANG_WARN_DIRECT_OBJC_ISA_USAGE = YES_ERROR;
				CLANG_WARN_EMPTY_BODY = YES;
				CLANG_WARN_ENUM_CONVERSION = YES;
				CLANG_WARN_INT_CONVERSION = YES;
				CLANG_WARN_OBJC_ROOT_CLASS = YES_ERROR;
				CLANG_WARN_UNREACHABLE_CODE = YES;
				CLANG_WARN__DUPLICATE_METHOD_MATCH = YES;
				"CODE_SIGN_IDENTITY[sdk=iphoneos*]" = "iPhone Developer";
				COPY_PHASE_STRIP = NO;
				DEBUG_INFORMATION_FORMAT = "dwarf-with-dsym";
				ENABLE_NS_ASSERTIONS = NO;
				ENABLE_STRICT_OBJC_MSGSEND = YES;
				GCC_C_LANGUAGE_STANDARD = gnu99;
				GCC_NO_COMMON_BLOCKS = YES;
				GCC_WARN_64_TO_32_BIT_CONVERSION = YES;
				GCC_WARN_ABOUT_RETURN_TYPE = YES_ERROR;
				GCC_WARN_UNDECLARED_SELECTOR = YES;
				GCC_WARN_UNINITIALIZED_AUTOS = YES_AGGRESSIVE;
				GCC_WARN_UNUSED_FUNCTION = YES;
				GCC_WARN_UNUSED_VARIABLE = YES;
				IPHONEOS_DEPLOYMENT_TARGET = 9.3;
				MTL_ENABLE_DEBUG_INFO = NO;
				SDKROOT = iphoneos;
				TARGETED_DEVICE_FAMILY = "1,2";
				VALIDATE_PRODUCT = YES;
			};
			name = Release;
		};
		B1D7FD3D1CF8745500671183 /* Debug */ = {
			isa = XCBuildConfiguration;
			baseConfigurationReference = 616405EB7EB4072D8BCD08A1 /* Pods-joogpoint.debug.xcconfig */;
			buildSettings = {
				ASSETCATALOG_COMPILER_APPICON_NAME = AppIcon;
				INFOPLIST_FILE = joogpoint/Info.plist;
				LD_RUNPATH_SEARCH_PATHS = "$(inherited) @executable_path/Frameworks";
				PRODUCT_BUNDLE_IDENTIFIER = com.example.joogpoint;
				PRODUCT_NAME = Joogpoint;
			};
			name = Debug;
		};
		B1D7FD3E1CF8745500671183 /* Release */ = {
			isa = XCBuildConfiguration;
			baseConfigurationReference = 63408D739F9E2F08DC16D9FB /* Pods-joogpoint.release.xcconfig */;
			buildSettings = {
				ASSETCATALOG_COMPILER_APPICON_NAME = AppIcon;
				INFOPLIST_FILE = joogpoint/Info.plist;
				LD_RUNPATH_SEARCH_PATHS = "$(inherited) @executable_path/Frameworks";
				PRODUCT_BUNDLE_IDENTIFIER = com.example.joogpoint;
				PRODUCT_NAME = Joogpoint;
			};
			name = Release;
		};
		B1D7FD401CF8745500671183 /* Debug */ = {
			isa = XCBuildConfiguration;
			baseConfigurationReference = B362476DEB79F1EE6FD63A12 /* Pods-joogpointTests.debug.xcconfig */;
			buildSettings = {
				BUNDLE_LOADER = "$(TEST_HOST)";
				INFOPLIST_FILE = joogpointTests/Info.plist;
				LD_RUNPATH_SEARCH_PATHS = "$(inherited) @executable_path/Frameworks @loader_path/Frameworks";
				PRODUCT_BUNDLE_IDENTIFIER = com.example.joogpointTests;
				PRODUCT_NAME = "$(TARGET_NAME)";
				TEST_HOST = "$(BUILT_PRODUCTS_DIR)/joogpoint.app/joogpoint";
			};
			name = Debug;
		};
		B1D7FD411CF8745500671183 /* Release */ = {
			isa = XCBuildConfiguration;
			baseConfigurationReference = 0DBBDB91882D08BD7950DB1B /* Pods-joogpointTests.release.xcconfig */;
			buildSettings = {
				BUNDLE_LOADER = "$(TEST_HOST)";
				INFOPLIST_FILE = joogpointTests/Info.plist;
				LD_RUNPATH_SEARCH_PATHS = "$(inherited) @executable_path/Frameworks @loader_path/Frameworks";
				PRODUCT_BUNDLE_IDENTIFIER = com.example.joogpointTests;
				PRODUCT_NAME = "$(TARGET_NAME)";
				TEST_HOST = "$(BUILT_PRODUCTS_DIR)/joogpoint.app/joogpoint";
			};
			name = Release;
		};
/* End XCBuildConfiguration section */

/* Begin XCConfigurationList section */
		B1D7FD1A1CF8745500671183 /* Build configuration list for PBXProject "joogpoint" */ = {
			isa = XCConfigurationList;
			buildConfigurations = (
				B1D7FD3A1CF8745500671183 /* Debug */,
				B1D7FD3B1CF8745500671183 /* Release */,
			);
			defaultConfigurationIsVisible = 0;
			defaultConfigurationName = Release;
		};
		B1D7FD3C1CF8745500671183 /* Build configuration list for PBXNativeTarget "joogpoint" */ = {
			isa = XCConfigurationList;
			buildConfigurations = (
				B1D7FD3D1CF8745500671183 /* Debug */,
				B1D7FD3E1CF8745500671183 /* Release */,
			);
			defaultConfigurationIsVisible = 0;
			defaultConfigurationName = Release;
		};
		B1D7FD3F1CF8745500671183 /* Build configuration list for PBXNativeTarget "joogpointTests" */ = {
			isa = XCConfigurationList;
			buildConfigurations = (
				B1D7FD401CF8745500671183 /* Debug */,
				B1D7FD411CF8745500671183 /* Release */,
			);
			defaultConfigurationIsVisible = 0;
			defaultConfigurationName = Release;
		};
/* End XCConfigurationList section */
	};
	rootObject = B1D7FD171CF8745500671183 /* Project object */;
}
